<?xml version="1.0" encoding="utf-8"?>
<Project ToolsVersion="4.0" xmlns="http://schemas.microsoft.com/developer/msbuild/2003">
  <ItemGroup>
    <Filter Include="src">
      <UniqueIdentifier>{4df551fd-419f-4138-a1d5-53fe1fb35efc}</UniqueIdentifier>
    </Filter>
    <Filter Include="src\platform">
      <UniqueIdentifier>{404b644e-a5de-4257-b83e-8c5f3dc18716}</UniqueIdentifier>
    </Filter>
    <Filter Include="src\platform\apple">
      <UniqueIdentifier>{c8a93cdb-0bc8-4b15-949d-9c251a85469d}</UniqueIdentifier>
    </Filter>
    <Filter Include="src\platform\linux">
      <UniqueIdentifier>{c32e645b-b667-436e-aaa2-9ae004550a05}</UniqueIdentifier>
    </Filter>
    <Filter Include="src\platform\win32">
      <UniqueIdentifier>{29fe84a6-81a9-4f91-932f-56dfa4d5c376}</UniqueIdentifier>
    </Filter>
    <Filter Include="include">
      <UniqueIdentifier>{73ace15e-46d0-4ec6-b444-4470470e0256}</UniqueIdentifier>
    </Filter>
    <Filter Include="include\core">
      <UniqueIdentifier>{a24ea4c8-910a-4df3-9d59-47b64d87d775}</UniqueIdentifier>
    </Filter>
    <Filter Include="include\platform">
      <UniqueIdentifier>{6e9262b0-c011-46e7-8a78-54a97cfd0331}</UniqueIdentifier>
    </Filter>
    <Filter Include="include\core\math">
      <UniqueIdentifier>{6cfd7f9b-efc7-467f-8b50-2e968cee1649}</UniqueIdentifier>
    </Filter>
    <Filter Include="include\core\math\impl">
      <UniqueIdentifier>{e35b5fde-9d44-4b7a-a8da-e26e296c701e}</UniqueIdentifier>
    </Filter>
    <Filter Include="src\platform\wp8">
      <UniqueIdentifier>{e287d895-ef32-4a20-876a-c9b587e4e265}</UniqueIdentifier>
    </Filter>
    <Filter Include="src\platform\android">
      <UniqueIdentifier>{fc336762-ccee-4efb-abff-2987195a2034}</UniqueIdentifier>
    </Filter>
    <Filter Include="include\core\math\func">
      <UniqueIdentifier>{097ae06c-dde3-4d45-8c8c-802c13d68558}</UniqueIdentifier>
    </Filter>
    <Filter Include="include\core\cvar">
      <UniqueIdentifier>{c53a84a4-d953-44a7-bac9-621123066b52}</UniqueIdentifier>
    </Filter>
    <Filter Include="src\core">
      <UniqueIdentifier>{465dade8-7607-49ad-a37f-35596f9bfd09}</UniqueIdentifier>
    </Filter>
    <Filter Include="src\core\cvar">
      <UniqueIdentifier>{5b845872-c9fc-4fbf-af56-156ae59d4cb0}</UniqueIdentifier>
    </Filter>
    <Filter Include="include\core\math\func\inl">
      <UniqueIdentifier>{d3c099e4-00c3-4e68-aad7-25869e1a3d2f}</UniqueIdentifier>
    </Filter>
    <Filter Include="include\core\utils">
      <UniqueIdentifier>{2173b770-f1ac-424f-9288-7e641732bf55}</UniqueIdentifier>
    </Filter>
    <Filter Include="src\resource">
      <UniqueIdentifier>{44960ea2-07da-418a-8db0-c920987a2e4f}</UniqueIdentifier>
    </Filter>
    <Filter Include="include\resource">
      <UniqueIdentifier>{f4a3f3b4-5b18-4884-aadb-33206d195790}</UniqueIdentifier>
    </Filter>
    <Filter Include="src\resource\reader">
      <UniqueIdentifier>{31340b85-5bae-4d5d-8d19-e359e31785e3}</UniqueIdentifier>
    </Filter>
    <Filter Include="include\resource\reader">
      <UniqueIdentifier>{7b3aa4f9-8594-42f6-a02e-e7ee3c60de57}</UniqueIdentifier>
    </Filter>
    <Filter Include="src\platform\graphics">
      <UniqueIdentifier>{5464db1b-8ef4-4cb8-a2df-a455b4c54927}</UniqueIdentifier>
    </Filter>
    <Filter Include="src\platform\file">
      <UniqueIdentifier>{5ce1747e-9455-4e84-bb2b-7b210afa634f}</UniqueIdentifier>
    </Filter>
    <Filter Include="include\platform\file">
      <UniqueIdentifier>{c9657f4b-ca60-40c0-8c71-3b81dea489c5}</UniqueIdentifier>
    </Filter>
    <Filter Include="include\core\memory">
      <UniqueIdentifier>{c74228c5-e451-4f68-b2dc-e85a6111f64f}</UniqueIdentifier>
    </Filter>
    <Filter Include="src\core\memory">
      <UniqueIdentifier>{d8b4fc67-27e1-45ce-a3bb-65dda0de7c03}</UniqueIdentifier>
    </Filter>
    <Filter Include="include\platform\file\inl">
      <UniqueIdentifier>{512943e6-3375-41eb-9024-2082172f3c6f}</UniqueIdentifier>
    </Filter>
    <Filter Include="src\graphics">
      <UniqueIdentifier>{0da9388a-a359-45a7-8c37-4f957381ca97}</UniqueIdentifier>
    </Filter>
    <Filter Include="include\platform\graphics">
      <UniqueIdentifier>{994c9e8d-bd7a-4858-93a7-63b1cb9fe788}</UniqueIdentifier>
    </Filter>
    <Filter Include="include\graphics">
      <UniqueIdentifier>{92c50558-5bf5-491b-940c-2f6bd51bd3eb}</UniqueIdentifier>
    </Filter>
    <Filter Include="include\core\logging">
      <UniqueIdentifier>{a1d7f012-e16c-4b13-95d2-596aea786efa}</UniqueIdentifier>
    </Filter>
    <Filter Include="include\graphics\inl">
      <UniqueIdentifier>{3cc51374-a639-44a2-83ec-cae290c76133}</UniqueIdentifier>
    </Filter>
    <Filter Include="include\graphics\setups">
      <UniqueIdentifier>{7747358c-a8d3-466f-84ae-294e6d636145}</UniqueIdentifier>
    </Filter>
    <Filter Include="src\graphics\setups">
      <UniqueIdentifier>{32be1caa-d02f-48a6-aa0e-d508fc049c4f}</UniqueIdentifier>
    </Filter>
    <Filter Include="src\graphics\renderables">
      <UniqueIdentifier>{5ab31bd3-8d2b-4bf2-a798-91ed8d49eb7b}</UniqueIdentifier>
    </Filter>
    <Filter Include="include\graphics\renderables">
      <UniqueIdentifier>{f9198654-3b0d-40b8-a163-cf64bc38a31a}</UniqueIdentifier>
    </Filter>
    <Filter Include="include\engine">
      <UniqueIdentifier>{d8f6ca29-1df9-4fae-aef9-0fa79be5e56f}</UniqueIdentifier>
    </Filter>
    <Filter Include="include\graphics\impl">
      <UniqueIdentifier>{32fa39d4-0466-4317-874b-c5ad176a377d}</UniqueIdentifier>
    </Filter>
    <Filter Include="include\platform\time">
      <UniqueIdentifier>{2a07c85f-550f-484f-8eb5-526842b72766}</UniqueIdentifier>
    </Filter>
    <Filter Include="include\platform\time\impl">
      <UniqueIdentifier>{2b0e9086-489d-4a87-85ef-158d80301625}</UniqueIdentifier>
    </Filter>
    <Filter Include="src\platform\time">
      <UniqueIdentifier>{2e5cd3b0-3110-4106-b5b5-999909cb81a6}</UniqueIdentifier>
    </Filter>
    <Filter Include="src\engine">
      <UniqueIdentifier>{451221a9-a46e-4a1f-bfd4-00ced2983d1f}</UniqueIdentifier>
    </Filter>
    <Filter Include="include\core\inl">
      <UniqueIdentifier>{0110d407-92eb-4b9d-a52d-ad572df5b703}</UniqueIdentifier>
    </Filter>
    <Filter Include="include\core\parser">
      <UniqueIdentifier>{d6b29389-e209-4c50-a5e3-f0cbe4f331ce}</UniqueIdentifier>
    </Filter>
    <Filter Include="src\core\parser">
      <UniqueIdentifier>{0dc4fecd-f152-46f7-9af7-46ccb077b0da}</UniqueIdentifier>
    </Filter>
    <Filter Include="src\engine\messaging">
      <UniqueIdentifier>{e3d722bb-8585-444a-8101-783572e2cbe4}</UniqueIdentifier>
    </Filter>
    <Filter Include="src\engine\messaging\channels">
      <UniqueIdentifier>{46be5400-fb9d-4104-8def-1b184ba3dd32}</UniqueIdentifier>
    </Filter>
    <Filter Include="src\engine\messaging\messages">
      <UniqueIdentifier>{85302ba1-d8c8-4876-a71b-97233ec806a5}</UniqueIdentifier>
    </Filter>
    <Filter Include="src\engine\services">
      <UniqueIdentifier>{a264dd8f-bd15-402c-bdad-1e2f63e584db}</UniqueIdentifier>
    </Filter>
    <Filter Include="src\engine\services\contracts">
      <UniqueIdentifier>{efc4b5b8-21c4-4c3a-a851-33350c9a83de}</UniqueIdentifier>
    </Filter>
    <Filter Include="include\engine\messaging">
      <UniqueIdentifier>{4bd1d5c4-2894-407b-9153-a4753c224eb4}</UniqueIdentifier>
    </Filter>
    <Filter Include="include\engine\messaging\channels">
      <UniqueIdentifier>{dc0af3c1-a909-4e67-a51e-883dcd39fa45}</UniqueIdentifier>
    </Filter>
    <Filter Include="include\engine\messaging\messages">
      <UniqueIdentifier>{902efd51-44f6-467d-b8f6-ea60b27216e6}</UniqueIdentifier>
    </Filter>
    <Filter Include="include\engine\services">
      <UniqueIdentifier>{3a3c45a6-1e50-4d61-99de-513fd7f1f90f}</UniqueIdentifier>
    </Filter>
    <Filter Include="include\engine\services\contracts">
      <UniqueIdentifier>{f41234ac-b2a4-444c-8b20-1ef4dd597ea1}</UniqueIdentifier>
    </Filter>
    <Filter Include="include\engine\services\impl">
      <UniqueIdentifier>{cd847568-ad12-40b5-b5bf-fde2c602cc56}</UniqueIdentifier>
    </Filter>
    <Filter Include="include\core\memory\impl">
      <UniqueIdentifier>{a1f3433d-51fa-4800-906d-e4e07861a207}</UniqueIdentifier>
    </Filter>
    <Filter Include="include\core\memory\inl">
      <UniqueIdentifier>{1d27b374-0f28-4fe1-baf8-d83952893e8b}</UniqueIdentifier>
    </Filter>
    <Filter Include="include\core\io">
      <UniqueIdentifier>{584a6e95-e6be-4414-8b8f-21c597c8633d}</UniqueIdentifier>
    </Filter>
    <Filter Include="src\core\io">
      <UniqueIdentifier>{8604410b-5f32-4e54-9409-12becfb88048}</UniqueIdentifier>
    </Filter>
    <Filter Include="include\core\interfaces">
      <UniqueIdentifier>{78863daa-88dd-47bf-b260-6ec8e33015a9}</UniqueIdentifier>
    </Filter>
    <Filter Include="src\core\interfaces">
      <UniqueIdentifier>{1fcebf22-1e8d-41e0-8462-ba820a12a206}</UniqueIdentifier>
    </Filter>
    <Filter Include="include\core\cvar\impl">
      <UniqueIdentifier>{caea5355-285d-45a1-afac-3cabfb2b0a51}</UniqueIdentifier>
    </Filter>
    <Filter Include="include\resource\reader\impl">
      <UniqueIdentifier>{b360f07a-e73d-411a-be70-f54f9c0733ac}</UniqueIdentifier>
    </Filter>
    <Filter Include="include\resource\inl">
      <UniqueIdentifier>{34059104-7a0e-4379-a08b-7d1fa92a4e88}</UniqueIdentifier>
    </Filter>
    <Filter Include="include\hid">
      <UniqueIdentifier>{ca644640-f44a-451e-a72d-8bf10204d112}</UniqueIdentifier>
    </Filter>
    <Filter Include="src\hid">
      <UniqueIdentifier>{0cb666b1-4acf-4059-9433-a31cd5feac0b}</UniqueIdentifier>
    </Filter>
    <Filter Include="src\core\logging">
      <UniqueIdentifier>{0de1f1c2-1c0e-46bd-82b0-46f9ed6c4837}</UniqueIdentifier>
    </Filter>
    <Filter Include="include\core\logging\impl">
      <UniqueIdentifier>{4c99765a-6667-47e0-913f-329497fea8c9}</UniqueIdentifier>
    </Filter>
    <Filter Include="include\rtti">
      <UniqueIdentifier>{13e1900b-53b8-45bd-af40-946141816a93}</UniqueIdentifier>
    </Filter>
    <Filter Include="src\rtti">
      <UniqueIdentifier>{d3488275-4173-49b4-a3ce-0a0062f3e972}</UniqueIdentifier>
    </Filter>
    <Filter Include="include\rtti\inl">
      <UniqueIdentifier>{d89e4cf5-c936-4e67-af14-d914d3506eb0}</UniqueIdentifier>
    </Filter>
    <Filter Include="include\preprocessor">
      <UniqueIdentifier>{b4a0b3af-ebb5-45cd-aed7-fee213535bd1}</UniqueIdentifier>
    </Filter>
    <Filter Include="src\core\logging\impl">
      <UniqueIdentifier>{5695ad1d-b6ff-4638-aaf3-47c050edba23}</UniqueIdentifier>
    </Filter>
    <Filter Include="include\core\profiling">
      <UniqueIdentifier>{5397f328-807c-4f88-913b-cd7d9b3ffe57}</UniqueIdentifier>
    </Filter>
    <Filter Include="src\core\profiling">
      <UniqueIdentifier>{18e206df-07b6-4d01-bb35-8d0bdbda56b3}</UniqueIdentifier>
    </Filter>
    <Filter Include="include\core\profiling\impl">
      <UniqueIdentifier>{8f3520f6-45ca-4b25-a149-0ec70ed1564b}</UniqueIdentifier>
    </Filter>
    <Filter Include="src\core\profiling\impl">
      <UniqueIdentifier>{37d6bf10-51c3-4621-afa5-7880f0c8580a}</UniqueIdentifier>
    </Filter>
    <Filter Include="include\ecs">
      <UniqueIdentifier>{1767f939-b689-449e-87d1-738ff69e8ed4}</UniqueIdentifier>
    </Filter>
    <Filter Include="include\engine\messaging\channels\impl">
      <UniqueIdentifier>{212e6c4d-a621-40af-ab8d-bd5c804d4e4f}</UniqueIdentifier>
    </Filter>
    <Filter Include="include\ecs\components">
      <UniqueIdentifier>{72b68a84-30cb-4af5-a92f-7796c5bfcad7}</UniqueIdentifier>
    </Filter>
    <Filter Include="src\engine\services\ecs">
      <UniqueIdentifier>{7208f9b1-b5d0-4a7a-a664-3a1f1267b937}</UniqueIdentifier>
    </Filter>
    <Filter Include="include\engine\services\ecs">
      <UniqueIdentifier>{4cac2396-ebf6-477a-83d0-53836113d386}</UniqueIdentifier>
    </Filter>
    <Filter Include="include\engine\services\ecs\impl">
      <UniqueIdentifier>{a5037f67-22fc-4eeb-a12d-8eb0e0c26119}</UniqueIdentifier>
    </Filter>
    <Filter Include="src\core\math">
      <UniqueIdentifier>{9fa612b0-ed87-4c25-b800-b6617211d513}</UniqueIdentifier>
    </Filter>
    <Filter Include="src\esc">
      <UniqueIdentifier>{9f6a4ce3-c39e-41e9-8db9-376300a90c9f}</UniqueIdentifier>
    </Filter>
    <Filter Include="src\esc\components">
      <UniqueIdentifier>{c68addfe-ae9e-48b2-bba4-e98daa7827bc}</UniqueIdentifier>
    </Filter>
    <Filter Include="include\engine\impl">
      <UniqueIdentifier>{e55250a1-a76d-42e7-970b-e1e05b6125eb}</UniqueIdentifier>
    </Filter>
    <Filter Include="include\engine\mono">
      <UniqueIdentifier>{ca61c514-8f80-4f60-bb8c-b26b49aa9604}</UniqueIdentifier>
    </Filter>
    <Filter Include="src\engine\mono">
      <UniqueIdentifier>{04ddf887-fab6-4378-b785-699224609441}</UniqueIdentifier>
    </Filter>
  </ItemGroup>
  <ItemGroup>
    <ClCompile Include="..\..\src\platform\apple\file_system_apple.cpp">
      <Filter>src\platform\apple</Filter>
    </ClCompile>
    <ClCompile Include="..\..\src\platform\linux\file_system_linux.cpp">
      <Filter>src\platform\linux</Filter>
    </ClCompile>
    <ClCompile Include="..\..\src\platform\win32\file_system_win32.cpp">
      <Filter>src\platform\win32</Filter>
    </ClCompile>
    <ClCompile Include="..\..\src\platform\wp\file_system_wp8.cpp">
      <Filter>src\platform\wp8</Filter>
    </ClCompile>
    <ClCompile Include="..\..\src\core\cvar\cvar_file.cpp">
      <Filter>src\core\cvar</Filter>
    </ClCompile>
    <ClCompile Include="..\..\src\core\cvar\cvar_condition.cpp">
      <Filter>src\core\cvar</Filter>
    </ClCompile>
    <ClCompile Include="..\..\src\core\cvar\cvar_statement.cpp">
      <Filter>src\core\cvar</Filter>
    </ClCompile>
    <ClCompile Include="..\..\src\core\cvar\cvar.cpp">
      <Filter>src\core\cvar</Filter>
    </ClCompile>
    <ClCompile Include="..\..\src\core\cvar\cvar_token.cpp">
      <Filter>src\core\cvar</Filter>
    </ClCompile>
    <ClCompile Include="..\..\src\core\cvar\cvar_tokenizer.cpp">
      <Filter>src\core\cvar</Filter>
    </ClCompile>
    <ClCompile Include="..\..\src\core\cvar\cvar_record.cpp">
      <Filter>src\core\cvar</Filter>
    </ClCompile>
    <ClCompile Include="..\..\src\core\cvar\cvar_compiler.cpp">
      <Filter>src\core\cvar</Filter>
    </ClCompile>
    <ClCompile Include="..\..\src\core\cvar\cvar_parser.cpp">
      <Filter>src\core\cvar</Filter>
    </ClCompile>
    <ClCompile Include="..\..\src\resource\reader\resource_reader.cpp">
      <Filter>src\resource\reader</Filter>
    </ClCompile>
    <ClCompile Include="..\..\src\resource\reader\resource_type_reader_manager.cpp">
      <Filter>src\resource\reader</Filter>
    </ClCompile>
    <ClCompile Include="..\..\src\resource\reader\effect_reader.cpp">
      <Filter>src\resource\reader</Filter>
    </ClCompile>
    <ClCompile Include="..\..\src\resource\reader\texture2d_reader.cpp">
      <Filter>src\resource\reader</Filter>
    </ClCompile>
    <ClCompile Include="..\..\src\resource\resource_manager.cpp">
      <Filter>src\resource</Filter>
    </ClCompile>
    <ClCompile Include="..\..\src\platform\graphics\graphics_device_gl.cpp">
      <Filter>src\platform\graphics</Filter>
    </ClCompile>
    <ClCompile Include="..\..\src\platform\graphics\graphics_error.cpp">
      <Filter>src\platform\graphics</Filter>
    </ClCompile>
    <ClCompile Include="..\..\src\platform\graphics\render_target_2d.cpp">
      <Filter>src\platform\graphics</Filter>
    </ClCompile>
    <ClCompile Include="..\..\src\platform\graphics\texture.cpp">
      <Filter>src\platform\graphics</Filter>
    </ClCompile>
    <ClCompile Include="..\..\src\platform\graphics\viewport.cpp">
      <Filter>src\platform\graphics</Filter>
    </ClCompile>
    <ClCompile Include="..\..\src\platform\graphics\window.cpp">
      <Filter>src\platform\graphics</Filter>
    </ClCompile>
    <ClCompile Include="..\..\src\platform\file\binary_writer.cpp">
      <Filter>src\platform\file</Filter>
    </ClCompile>
    <ClCompile Include="..\..\src\platform\file\file_system.cpp">
      <Filter>src\platform\file</Filter>
    </ClCompile>
    <ClCompile Include="..\..\src\platform\file\binary_reader.cpp">
      <Filter>src\platform\file</Filter>
    </ClCompile>
    <ClCompile Include="..\..\src\core\memory\heap_allocator.cpp">
      <Filter>src\core\memory</Filter>
    </ClCompile>
    <ClCompile Include="..\..\src\platform\file\file_stream.cpp">
      <Filter>src\platform\file</Filter>
    </ClCompile>
    <ClCompile Include="..\..\src\resource\texture2d.cpp">
      <Filter>src\resource</Filter>
    </ClCompile>
    <ClCompile Include="..\..\src\core\memory\heap_page.cpp">
      <Filter>src\core\memory</Filter>
    </ClCompile>
    <ClCompile Include="..\..\src\graphics\camera2d.cpp">
      <Filter>src\graphics</Filter>
    </ClCompile>
    <ClCompile Include="..\..\src\core\cvar\cvar_linker.cpp">
      <Filter>src\core\cvar</Filter>
    </ClCompile>
    <ClCompile Include="..\..\src\core\cvar\link_record.cpp">
      <Filter>src\core\cvar</Filter>
    </ClCompile>
    <ClCompile Include="..\..\src\graphics\setups\render_setup.cpp">
      <Filter>src\graphics\setups</Filter>
    </ClCompile>
    <ClCompile Include="..\..\src\graphics\setups\polygon_render_setup.cpp">
      <Filter>src\graphics\setups</Filter>
    </ClCompile>
    <ClCompile Include="..\..\src\graphics\setups\textured_polygon_render_setup.cpp">
      <Filter>src\graphics\setups</Filter>
    </ClCompile>
    <ClCompile Include="..\..\src\resource\texture2d_content.cpp">
      <Filter>src\resource</Filter>
    </ClCompile>
    <ClCompile Include="..\..\src\graphics\transformable.cpp">
      <Filter>src\graphics</Filter>
    </ClCompile>
    <ClCompile Include="..\..\src\graphics\renderables\triangle.cpp">
      <Filter>src\graphics\renderables</Filter>
    </ClCompile>
    <ClCompile Include="..\..\src\platform\graphics\color.cpp">
      <Filter>src\graphics</Filter>
    </ClCompile>
    <ClCompile Include="..\..\src\graphics\renderables\rectangle.cpp">
      <Filter>src\graphics\renderables</Filter>
    </ClCompile>
    <ClCompile Include="..\..\src\graphics\renderer.cpp">
      <Filter>src\graphics</Filter>
    </ClCompile>
    <ClCompile Include="..\..\src\graphics\renderables\renderable.cpp">
      <Filter>src\graphics\renderables</Filter>
    </ClCompile>
    <ClCompile Include="..\..\src\graphics\renderables\circle.cpp">
      <Filter>src\graphics\renderables</Filter>
    </ClCompile>
    <ClCompile Include="..\..\src\graphics\render_data.cpp">
      <Filter>src\graphics</Filter>
    </ClCompile>
    <ClCompile Include="..\..\src\graphics\render_element_data.cpp">
      <Filter>src\graphics</Filter>
    </ClCompile>
    <ClCompile Include="..\..\src\resource\effect.cpp">
      <Filter>src\resource</Filter>
    </ClCompile>
    <ClCompile Include="..\..\src\resource\effect_content.cpp">
      <Filter>src\resource</Filter>
    </ClCompile>
    <ClCompile Include="..\..\src\graphics\renderables\sprite.cpp">
      <Filter>src\graphics\renderables</Filter>
    </ClCompile>
    <ClCompile Include="..\..\src\platform\time\engine_time.cpp">
      <Filter>src\platform\time</Filter>
    </ClCompile>
    <ClCompile Include="..\..\src\engine\sani_engine.cpp">
      <Filter>src\engine</Filter>
    </ClCompile>
    <ClCompile Include="..\..\src\engine\engine_service_provider.cpp">
      <Filter>src\engine</Filter>
    </ClCompile>
    <ClCompile Include="..\..\src\engine\engine_service.cpp">
      <Filter>src\engine</Filter>
    </ClCompile>
    <ClCompile Include="..\..\src\resource\bitmap_content.cpp">
      <Filter>src\resource</Filter>
    </ClCompile>
    <ClCompile Include="..\..\src\engine\messaging\channel_manager.cpp">
      <Filter>src\engine\messaging</Filter>
    </ClCompile>
    <ClCompile Include="..\..\src\engine\messaging\recipient_list.cpp">
      <Filter>src\engine\messaging</Filter>
    </ClCompile>
    <ClCompile Include="..\..\src\engine\messaging\state_message.cpp">
      <Filter>src\engine\messaging</Filter>
    </ClCompile>
    <ClCompile Include="..\..\src\engine\messaging\channels\channel.cpp">
      <Filter>src\engine\messaging\channels</Filter>
    </ClCompile>
    <ClCompile Include="..\..\src\engine\messaging\channels\command_channel.cpp">
      <Filter>src\engine\messaging\channels</Filter>
    </ClCompile>
    <ClCompile Include="..\..\src\engine\messaging\channels\document_channel.cpp">
      <Filter>src\engine\messaging\channels</Filter>
    </ClCompile>
    <ClCompile Include="..\..\src\engine\messaging\messages\command_message.cpp">
      <Filter>src\engine\messaging\messages</Filter>
    </ClCompile>
    <ClCompile Include="..\..\src\engine\messaging\messages\message.cpp">
      <Filter>src\engine\messaging\messages</Filter>
    </ClCompile>
    <ClCompile Include="..\..\src\engine\messaging\messages\document_message.cpp">
      <Filter>src\engine\messaging\messages</Filter>
    </ClCompile>
    <ClCompile Include="..\..\src\engine\messaging\messages\peer_to_peer_message.cpp">
      <Filter>src\engine\messaging\messages</Filter>
    </ClCompile>
    <ClCompile Include="..\..\src\engine\services\render_service.cpp">
      <Filter>src\engine\services</Filter>
    </ClCompile>
    <ClCompile Include="..\..\src\engine\services\contracts\render_service_contract.cpp">
      <Filter>src\engine\services\contracts</Filter>
    </ClCompile>
    <ClCompile Include="..\..\src\graphics\render_batcher.cpp">
      <Filter>src\graphics</Filter>
    </ClCompile>
    <ClCompile Include="..\..\src\graphics\layer.cpp">
      <Filter>src\graphics</Filter>
    </ClCompile>
    <ClCompile Include="..\..\src\graphics\render_batch.cpp">
      <Filter>src\graphics</Filter>
    </ClCompile>
    <ClCompile Include="..\..\src\core\parser\xml_parser.cpp">
      <Filter>src\core\parser</Filter>
    </ClCompile>
    <ClCompile Include="..\..\src\resource\reader\spritefont_reader.cpp">
      <Filter>src\resource\reader</Filter>
    </ClCompile>
    <ClCompile Include="..\..\src\resource\spritefont_content.cpp">
      <Filter>src\resource</Filter>
    </ClCompile>
    <ClCompile Include="..\..\src\platform\time\time.cpp">
      <Filter>src\platform\time</Filter>
    </ClCompile>
    <ClCompile Include="..\..\src\engine\services\sprite_manager.cpp">
      <Filter>src\engine\services</Filter>
    </ClCompile>
    <ClCompile Include="..\..\src\engine\services\triangle_manager.cpp">
      <Filter>src\engine\services</Filter>
    </ClCompile>
    <ClCompile Include="..\..\src\engine\services\circle_manager.cpp">
      <Filter>src\engine\services</Filter>
    </ClCompile>
    <ClCompile Include="..\..\src\engine\services\rectangle_manager.cpp">
      <Filter>src\engine\services</Filter>
    </ClCompile>
    <ClCompile Include="..\..\src\engine\services\contracts\renderable_manager_contract.cpp">
      <Filter>src\engine\services\contracts</Filter>
    </ClCompile>
    <ClCompile Include="..\..\src\core\io\memory_stream.cpp">
      <Filter>src\core\io</Filter>
    </ClCompile>
    <ClCompile Include="..\..\src\resource\reader\bitmap_content_reader.cpp">
      <Filter>src\resource\reader</Filter>
    </ClCompile>
    <ClCompile Include="..\..\src\engine\services\file_system_service.cpp">
      <Filter>src\engine\services</Filter>
    </ClCompile>
    <ClCompile Include="..\..\src\engine\services\contracts\file_system_service_contract.cpp">
      <Filter>src\engine\services\contracts</Filter>
    </ClCompile>
    <ClCompile Include="..\..\src\engine\messaging\messages\query_message.cpp">
      <Filter>src\engine\messaging\messages</Filter>
    </ClCompile>
    <ClCompile Include="..\..\src\engine\services\cvar_service.cpp">
      <Filter>src\engine\services</Filter>
    </ClCompile>
    <ClCompile Include="..\..\src\engine\messaging\channels\query_channel.cpp">
      <Filter>src\engine\messaging\channels</Filter>
    </ClCompile>
    <ClCompile Include="..\..\src\core\interfaces\error_logger.cpp">
      <Filter>src\core\interfaces</Filter>
    </ClCompile>
    <ClCompile Include="..\..\src\graphics\graphics_effect.cpp">
      <Filter>src\graphics</Filter>
    </ClCompile>
    <ClCompile Include="..\..\src\resource\sprite_font.cpp">
      <Filter>src\resource</Filter>
    </ClCompile>
    <ClCompile Include="..\..\src\graphics\renderables\particle.cpp">
      <Filter>src\graphics\renderables</Filter>
    </ClCompile>
    <ClCompile Include="..\..\src\graphics\renderables\particle_emitter.cpp">
      <Filter>src\graphics\renderables</Filter>
    </ClCompile>
    <ClCompile Include="..\..\src\hid\raw_input_listener_win32.cpp">
      <Filter>src\hid</Filter>
    </ClCompile>
    <ClCompile Include="..\..\src\platform\win32\console_win32.cpp">
      <Filter>src\platform\win32</Filter>
    </ClCompile>
    <ClCompile Include="..\..\src\core\logging\console_logger.cpp">
      <Filter>src\core\logging</Filter>
    </ClCompile>
    <ClCompile Include="..\..\src\core\logging\logging_helpers.cpp">
      <Filter>src\core\logging</Filter>
    </ClCompile>
    <ClCompile Include="..\..\src\core\logging\log_batcher.cpp">
      <Filter>src\core\logging</Filter>
    </ClCompile>
    <ClCompile Include="..\..\src\core\logging\file_logger.cpp">
      <Filter>src\core\logging</Filter>
    </ClCompile>
    <ClCompile Include="..\..\src\core\logging\log.cpp">
      <Filter>src\core\logging</Filter>
    </ClCompile>
    <ClCompile Include="..\..\src\rtti\type_data.cpp">
      <Filter>src\rtti</Filter>
    </ClCompile>
    <ClCompile Include="..\..\src\rtti\type_database.cpp">
      <Filter>src\rtti</Filter>
    </ClCompile>
    <ClCompile Include="..\..\src\rtti\type.cpp">
      <Filter>src\rtti</Filter>
    </ClCompile>
    <ClCompile Include="..\..\src\rtti\object.cpp">
      <Filter>src\rtti</Filter>
    </ClCompile>
    <ClCompile Include="..\..\src\rtti\invokable.cpp">
      <Filter>src\rtti</Filter>
    </ClCompile>
    <ClCompile Include="..\..\src\rtti\constructor.cpp">
      <Filter>src\rtti</Filter>
    </ClCompile>
    <ClCompile Include="..\..\src\core\logging\impl\log_impl.cpp">
      <Filter>src\core\logging\impl</Filter>
    </ClCompile>
    <ClCompile Include="..\..\src\core\logging\out_flags.cpp">
      <Filter>src\core\logging</Filter>
    </ClCompile>
    <ClCompile Include="..\..\src\core\profiling\profiler_sample.cpp">
      <Filter>src\core\profiling</Filter>
    </ClCompile>
    <ClCompile Include="..\..\src\core\profiling\profiler_entry.cpp">
      <Filter>src\core\profiling</Filter>
    </ClCompile>
    <ClCompile Include="..\..\src\core\profiling\profiler_module.cpp">
      <Filter>src\core\profiling</Filter>
    </ClCompile>
    <ClCompile Include="..\..\src\core\profiling\impl\profiling_impl.cpp">
      <Filter>src\core\profiling\impl</Filter>
    </ClCompile>
    <ClCompile Include="..\..\src\core\profiling\profiler.cpp">
      <Filter>src\core\profiling</Filter>
    </ClCompile>
    <ClCompile Include="..\..\src\rtti\argument.cpp">
      <Filter>src\rtti</Filter>
    </ClCompile>
    <ClCompile Include="..\..\src\rtti\pointer_container.cpp">
      <Filter>src\rtti</Filter>
    </ClCompile>
    <ClCompile Include="..\..\src\rtti\object_container.cpp">
      <Filter>src\rtti</Filter>
    </ClCompile>
    <ClCompile Include="..\..\src\graphics\particle_generator_flags.cpp">
      <Filter>src\graphics</Filter>
    </ClCompile>
    <ClCompile Include="..\..\src\rtti\field.cpp">
      <Filter>src\rtti</Filter>
    </ClCompile>
    <ClCompile Include="..\..\src\graphics\sprite_sheet.cpp">
      <Filter>src\graphics</Filter>
    </ClCompile>
    <ClCompile Include="..\..\src\graphics\sprite_animation.cpp">
      <Filter>src\graphics</Filter>
    </ClCompile>
    <ClCompile Include="..\..\src\rtti\method.cpp">
      <Filter>src\rtti</Filter>
    </ClCompile>
    <ClCompile Include="..\..\src\graphics\renderables\sprite_animator.cpp">
      <Filter>src\graphics\renderables</Filter>
    </ClCompile>
    <ClCompile Include="..\..\src\hid\keyboard.cpp">
      <Filter>src\hid</Filter>
    </ClCompile>
    <ClCompile Include="..\..\src\resource\scene.cpp">
      <Filter>src\resource</Filter>
    </ClCompile>
    <ClCompile Include="..\..\src\graphics\renderables\text.cpp">
      <Filter>src\graphics\renderables</Filter>
    </ClCompile>
    <ClCompile Include="..\..\src\resource\reader\resource_type_reader.cpp">
      <Filter>src\resource\reader</Filter>
    </ClCompile>
    <ClCompile Include="..\..\src\resource\reader\scene_reader.cpp">
      <Filter>src\resource\reader</Filter>
    </ClCompile>
    <ClCompile Include="..\..\src\platform\graphics\graphics_resource.cpp">
      <Filter>src\platform\graphics</Filter>
    </ClCompile>
    <ClCompile Include="..\..\src\engine\services\particle_emitter_manager.cpp">
      <Filter>src\engine\services</Filter>
    </ClCompile>
    <ClCompile Include="..\..\src\engine\services\sprite_animation_manager.cpp">
      <Filter>src\engine\services</Filter>
    </ClCompile>
    <ClCompile Include="..\..\src\engine\services\contracts\entity_manager_contract.cpp">
      <Filter>src\engine\services\contracts</Filter>
    </ClCompile>
    <ClCompile Include="..\..\src\engine\services\contracts\component_manager_contract.cpp">
      <Filter>src\engine\services\contracts</Filter>
    </ClCompile>
    <ClCompile Include="..\..\src\engine\services\ecs\entity_manager.cpp">
      <Filter>src\engine\services\ecs</Filter>
    </ClCompile>
    <ClCompile Include="..\..\src\rtti\reflection_database.cpp">
      <Filter>src\rtti</Filter>
    </ClCompile>
    <ClCompile Include="..\..\src\engine\services\ecs\transform_manager.cpp">
      <Filter>src\engine\services\ecs</Filter>
    </ClCompile>
    <ClCompile Include="..\..\src\core\math\vector.cpp">
      <Filter>src\core\math</Filter>
    </ClCompile>
    <ClCompile Include="..\..\src\types.cpp" />
    <ClCompile Include="..\..\src\ecs\components\transform_component.cpp">
      <Filter>src\esc\components</Filter>
    </ClCompile>
    <ClCompile Include="..\..\src\engine\services\text_manager.cpp">
      <Filter>src\engine\services</Filter>
    </ClCompile>
    <ClCompile Include="..\..\src\engine\services\contracts\cvar_service_contract.cpp">
      <Filter>src\engine\services\contracts</Filter>
    </ClCompile>
    <ClCompile Include="..\..\src\engine\mono\mono_runtime.cpp">
      <Filter>src\engine\mono</Filter>
    </ClCompile>
    <ClCompile Include="..\..\src\engine\mono\services_mono.cpp">
      <Filter>src\engine\mono</Filter>
    </ClCompile>
    <ClCompile Include="..\..\src\engine\mono\mono_provider.cpp">
      <Filter>src\engine\mono</Filter>
    </ClCompile>
    <ClCompile Include="..\..\src\platform\win32\file_system_utils_win32.cpp">
      <Filter>src\platform\win32</Filter>
    </ClCompile>
    <ClCompile Include="..\..\src\engine\services\user_service.cpp">
      <Filter>src\engine\services</Filter>
    </ClCompile>
    <ClCompile Include="..\..\src\engine\mono\texture2d_mono.cpp">
      <Filter>src\engine\mono</Filter>
    </ClCompile>
    <ClCompile Include="..\..\src\engine\mono\resource_manager_mono.cpp">
      <Filter>src\engine\mono</Filter>
    </ClCompile>
    <ClCompile Include="..\..\src\engine\services\resource_manager_handler_service.cpp">
      <Filter>src\engine\services</Filter>
    </ClCompile>
    <ClCompile Include="..\..\src\engine\services\contracts\resource_manager_handler_contract.cpp">
      <Filter>src\engine\services\contracts</Filter>
    </ClCompile>
  </ItemGroup>
  <ItemGroup>
    <ClInclude Include="..\..\include\sani\forward_declare.hpp">
      <Filter>include</Filter>
    </ClInclude>
    <ClInclude Include="..\..\include\sani\platform\platform_config.hpp">
      <Filter>include\platform</Filter>
    </ClInclude>
    <ClInclude Include="..\..\include\sani\core\math\matrix2.hpp">
      <Filter>include\core\math</Filter>
    </ClInclude>
    <ClInclude Include="..\..\include\sani\core\math\rectangle.hpp">
      <Filter>include\core\math</Filter>
    </ClInclude>
    <ClInclude Include="..\..\include\sani\core\math\vector.hpp">
      <Filter>include\core\math</Filter>
    </ClInclude>
    <ClInclude Include="..\..\include\sani\core\math\vector2.hpp">
      <Filter>include\core\math</Filter>
    </ClInclude>
    <ClInclude Include="..\..\include\sani\core\math\vector3.hpp">
      <Filter>include\core\math</Filter>
    </ClInclude>
    <ClInclude Include="..\..\include\sani\core\math\vector4.hpp">
      <Filter>include\core\math</Filter>
    </ClInclude>
    <ClInclude Include="..\..\include\sani\core\math\impl\matrix2.hpp">
      <Filter>include\core\math\impl</Filter>
    </ClInclude>
    <ClInclude Include="..\..\include\sani\core\math\impl\rectangle.hpp">
      <Filter>include\core\math\impl</Filter>
    </ClInclude>
    <ClInclude Include="..\..\include\sani\core\math\impl\vector2.hpp">
      <Filter>include\core\math\impl</Filter>
    </ClInclude>
    <ClInclude Include="..\..\include\sani\core\math\impl\vector3.hpp">
      <Filter>include\core\math\impl</Filter>
    </ClInclude>
    <ClInclude Include="..\..\include\sani\core\math\impl\vector4.hpp">
      <Filter>include\core\math\impl</Filter>
    </ClInclude>
    <ClInclude Include="..\..\include\sani\core\math\impl\matrix3.hpp">
      <Filter>include\core\math\impl</Filter>
    </ClInclude>
    <ClInclude Include="..\..\include\sani\core\math\matrix3.hpp">
      <Filter>include\core\math</Filter>
    </ClInclude>
    <ClInclude Include="..\..\include\sani\core\math\matrix4.hpp">
      <Filter>include\core\math</Filter>
    </ClInclude>
    <ClInclude Include="..\..\include\sani\core\math\impl\matrix4.hpp">
      <Filter>include\core\math\impl</Filter>
    </ClInclude>
    <ClInclude Include="..\..\include\sani\core\math\func\transform_2d.hpp">
      <Filter>include\core\math\func</Filter>
    </ClInclude>
    <ClInclude Include="..\..\include\sani\core\math\func\transform.hpp">
      <Filter>include\core\math\func</Filter>
    </ClInclude>
    <ClInclude Include="..\..\include\sani\core\func.hpp">
      <Filter>include\core</Filter>
    </ClInclude>
    <ClInclude Include="..\..\include\sani\core\events.hpp">
      <Filter>include\core</Filter>
    </ClInclude>
    <ClInclude Include="..\..\include\sani\core\cvar\cvar_file.hpp">
      <Filter>include\core\cvar</Filter>
    </ClInclude>
    <ClInclude Include="..\..\include\sani\core\math\func\trigonometric_func.hpp">
      <Filter>include\core\math\func</Filter>
    </ClInclude>
    <ClInclude Include="..\..\include\sani\core\math\func\geometric_func.hpp">
      <Filter>include\core\math\func</Filter>
    </ClInclude>
    <ClInclude Include="..\..\include\sani\core\math\math.hpp">
      <Filter>include\core\math</Filter>
    </ClInclude>
    <ClInclude Include="..\..\include\sani\core\math\trigonometric.hpp">
      <Filter>include\core\math</Filter>
    </ClInclude>
    <ClInclude Include="..\..\include\sani\core\math\value_ptr.hpp">
      <Filter>include\core\math</Filter>
    </ClInclude>
    <ClInclude Include="..\..\include\sani\core\cvar\cvar_lang.hpp">
      <Filter>include\core\cvar</Filter>
    </ClInclude>
    <ClInclude Include="..\..\include\sani\core\cvar\cvar.hpp">
      <Filter>include\core\cvar</Filter>
    </ClInclude>
    <ClInclude Include="..\..\include\sani\core\cvar\cvar_condition.hpp">
      <Filter>include\core\cvar</Filter>
    </ClInclude>
    <ClInclude Include="..\..\include\sani\core\cvar\cvar_tokenizer.hpp">
      <Filter>include\core\cvar</Filter>
    </ClInclude>
    <ClInclude Include="..\..\include\sani\core\cvar\cvar_record.hpp">
      <Filter>include\core\cvar</Filter>
    </ClInclude>
    <ClInclude Include="..\..\include\sani\core\cvar\cvar_statement.hpp">
      <Filter>include\core\cvar</Filter>
    </ClInclude>
    <ClInclude Include="..\..\include\sani\core\cvar\cvar_token.hpp">
      <Filter>include\core\cvar</Filter>
    </ClInclude>
    <ClInclude Include="..\..\include\sani\core\utils\string_utils.hpp">
      <Filter>include\core\utils</Filter>
    </ClInclude>
    <ClInclude Include="..\..\include\sani\core\cvar\cvar_compiler.hpp">
      <Filter>include\core\cvar</Filter>
    </ClInclude>
    <ClInclude Include="..\..\include\sani\core\cvar\cvar_parser.hpp">
      <Filter>include\core\cvar</Filter>
    </ClInclude>
    <ClInclude Include="..\..\include\sani\resource\resource.hpp">
      <Filter>include\resource</Filter>
    </ClInclude>
    <ClInclude Include="..\..\include\sani\resource\resource_manager.hpp">
      <Filter>include\resource</Filter>
    </ClInclude>
    <ClInclude Include="..\..\include\sani\resource\reader\resource_reader.hpp">
      <Filter>include\resource\reader</Filter>
    </ClInclude>
    <ClInclude Include="..\..\include\sani\resource\reader\resource_type_reader.hpp">
      <Filter>include\resource\reader</Filter>
    </ClInclude>
    <ClInclude Include="..\..\include\sani\resource\reader\resource_type_reader_manager.hpp">
      <Filter>include\resource\reader</Filter>
    </ClInclude>
    <ClInclude Include="..\..\include\sani\resource\reader\texture2d_reader.hpp">
      <Filter>include\resource\reader</Filter>
    </ClInclude>
    <ClInclude Include="..\..\include\sani\resource\reader\effect_reader.hpp">
      <Filter>include\resource\reader</Filter>
    </ClInclude>
    <ClInclude Include="..\..\include\sani\platform\file\binary_writer.hpp">
      <Filter>include\platform\file</Filter>
    </ClInclude>
    <ClInclude Include="..\..\include\sani\platform\file\file_system.hpp">
      <Filter>include\platform\file</Filter>
    </ClInclude>
    <ClInclude Include="..\..\include\sani\platform\file\binary_reader.hpp">
      <Filter>include\platform\file</Filter>
    </ClInclude>
    <ClInclude Include="..\..\include\sani\debug.hpp">
      <Filter>include</Filter>
    </ClInclude>
    <ClInclude Include="..\..\include\sani\core\memory\heap_allocator.hpp">
      <Filter>include\core\memory</Filter>
    </ClInclude>
    <ClInclude Include="..\..\include\sani\core\memory\heap_page.hpp">
      <Filter>include\core\memory</Filter>
    </ClInclude>
    <ClInclude Include="..\..\include\sani\core\memory\heap_block.hpp">
      <Filter>include\core\memory</Filter>
    </ClInclude>
    <ClInclude Include="..\..\include\sani\platform\file\file_stream.hpp">
      <Filter>include\platform\file</Filter>
    </ClInclude>
    <ClInclude Include="..\..\include\sani\resource\serialization.hpp">
      <Filter>include\resource</Filter>
    </ClInclude>
    <ClInclude Include="..\..\include\sani\resource\texture2d_content.hpp">
      <Filter>include\resource</Filter>
    </ClInclude>
    <ClInclude Include="..\..\include\sani\resource\texture2d.hpp">
      <Filter>include\resource</Filter>
    </ClInclude>
    <ClInclude Include="..\..\include\sani\platform.hpp">
      <Filter>include</Filter>
    </ClInclude>
    <ClInclude Include="..\..\include\sani\types.hpp">
      <Filter>include</Filter>
    </ClInclude>
    <ClInclude Include="..\..\include\sani\core\memory\memory.hpp">
      <Filter>include\core\memory</Filter>
    </ClInclude>
    <ClInclude Include="..\..\include\sani\core\memory\defragmentation_policy.hpp">
      <Filter>include\core\memory</Filter>
    </ClInclude>
    <ClInclude Include="..\..\include\sani\core\memory\page_pool_allocator.hpp">
      <Filter>include\core\memory</Filter>
    </ClInclude>
    <ClInclude Include="..\..\include\sani\core\memory\pool_page.hpp">
      <Filter>include\core\memory</Filter>
    </ClInclude>
    <ClInclude Include="..\..\include\sani\platform\graphics\graphics_device.hpp">
      <Filter>include\platform\graphics</Filter>
    </ClInclude>
    <ClInclude Include="..\..\include\sani\platform\graphics\graphics_error.hpp">
      <Filter>include\platform\graphics</Filter>
    </ClInclude>
    <ClInclude Include="..\..\include\sani\platform\graphics\render_target_2d.hpp">
      <Filter>include\platform\graphics</Filter>
    </ClInclude>
    <ClInclude Include="..\..\include\sani\platform\graphics\texture.hpp">
      <Filter>include\platform\graphics</Filter>
    </ClInclude>
    <ClInclude Include="..\..\include\sani\platform\graphics\viewport.hpp">
      <Filter>include\platform\graphics</Filter>
    </ClInclude>
    <ClInclude Include="..\..\include\sani\platform\graphics\window.hpp">
      <Filter>include\platform\graphics</Filter>
    </ClInclude>
    <ClInclude Include="..\..\include\sani\graphics\vertex_position_color.hpp">
      <Filter>include\graphics</Filter>
    </ClInclude>
    <ClInclude Include="..\..\include\sani\graphics\vertex_position_color_texture.hpp">
      <Filter>include\graphics</Filter>
    </ClInclude>
    <ClInclude Include="..\..\include\sani\graphics\camera2d.hpp">
      <Filter>include\graphics</Filter>
    </ClInclude>
    <ClInclude Include="..\..\include\sani\core\cvar\cvar_linker.hpp">
      <Filter>include\core\cvar</Filter>
    </ClInclude>
    <ClInclude Include="..\..\include\sani\core\cvar\link_record.hpp">
      <Filter>include\core\cvar</Filter>
    </ClInclude>
    <ClInclude Include="..\..\include\sani\graphics\render_state.hpp">
      <Filter>include\graphics</Filter>
    </ClInclude>
    <ClInclude Include="..\..\include\sani\graphics\buffer.hpp">
      <Filter>include\graphics</Filter>
    </ClInclude>
    <ClInclude Include="..\..\include\sani\graphics\setups\render_setup.hpp">
      <Filter>include\graphics\setups</Filter>
    </ClInclude>
    <ClInclude Include="..\..\include\sani\graphics\setups\render_setups.hpp">
      <Filter>include\graphics\setups</Filter>
    </ClInclude>
    <ClInclude Include="..\..\include\sani\graphics\buffer_sizing.hpp">
      <Filter>include\graphics</Filter>
    </ClInclude>
    <ClInclude Include="..\..\include\sani\graphics\setups\polygon_render_setup.hpp">
      <Filter>include\graphics\setups</Filter>
    </ClInclude>
    <ClInclude Include="..\..\include\sani\graphics\setups\textured_polygon_render_setup.hpp">
      <Filter>include\graphics\setups</Filter>
    </ClInclude>
    <ClInclude Include="..\..\include\sani\graphics\vertex_mode.hpp">
      <Filter>include\graphics</Filter>
    </ClInclude>
    <ClInclude Include="..\..\include\sani\resource\resources.hpp">
      <Filter>include\resource</Filter>
    </ClInclude>
    <ClInclude Include="..\..\include\sani\graphics\color.hpp">
      <Filter>include\graphics</Filter>
    </ClInclude>
    <ClInclude Include="..\..\include\sani\graphics\renderer.hpp">
      <Filter>include\graphics</Filter>
    </ClInclude>
    <ClInclude Include="..\..\include\sani\graphics\renderables\triangle.hpp">
      <Filter>include\graphics\renderables</Filter>
    </ClInclude>
    <ClInclude Include="..\..\include\sani\graphics\renderables\renderable.hpp">
      <Filter>include\graphics\renderables</Filter>
    </ClInclude>
    <ClInclude Include="..\..\include\sani\graphics\vertex_helper.hpp">
      <Filter>include\graphics</Filter>
    </ClInclude>
    <ClInclude Include="..\..\include\sani\graphics\renderables\rectangle.hpp">
      <Filter>include\graphics\renderables</Filter>
    </ClInclude>
    <ClInclude Include="..\..\include\sani\graphics\transform.hpp">
      <Filter>include\graphics</Filter>
    </ClInclude>
    <ClInclude Include="..\..\include\sani\graphics\renderables\circle.hpp">
      <Filter>include\graphics\renderables</Filter>
    </ClInclude>
    <ClInclude Include="..\..\include\sani\resource\resource_item.hpp">
      <Filter>include\resource</Filter>
    </ClInclude>
    <ClInclude Include="..\..\include\sani\graphics\render_data.hpp">
      <Filter>include\graphics</Filter>
    </ClInclude>
    <ClInclude Include="..\..\include\sani\graphics\render_element_data.hpp">
      <Filter>include\graphics</Filter>
    </ClInclude>
    <ClInclude Include="..\..\include\sani\graphics\render_helper.hpp">
      <Filter>include\graphics</Filter>
    </ClInclude>
    <ClInclude Include="..\..\include\sani\resource\resource_item.hpp">
      <Filter>include\resource</Filter>
    </ClInclude>
    <ClInclude Include="..\..\include\sani\resource\effect.hpp">
      <Filter>include\resource</Filter>
    </ClInclude>
    <ClInclude Include="..\..\include\sani\resource\effect_content.hpp">
      <Filter>include\resource</Filter>
    </ClInclude>
    <ClInclude Include="..\..\include\sani\graphics\renderables\sprite.hpp">
      <Filter>include\graphics\renderables</Filter>
    </ClInclude>
    <ClInclude Include="..\..\include\sani\engine\sani_engine.hpp">
      <Filter>include\engine</Filter>
    </ClInclude>
    <ClInclude Include="..\..\include\sani\engine\service_state.hpp">
      <Filter>include\engine</Filter>
    </ClInclude>
    <ClInclude Include="..\..\include\sani\graphics\impl\buffer.hpp">
      <Filter>include\graphics\impl</Filter>
    </ClInclude>
    <ClInclude Include="..\..\include\sani\platform\time\impl\stopwatch.hpp">
      <Filter>include\platform\time\impl</Filter>
    </ClInclude>
    <ClInclude Include="..\..\include\sani\platform\time\time.hpp">
      <Filter>include\platform\time</Filter>
    </ClInclude>
    <ClInclude Include="..\..\include\sani\platform\time\stopwatch.hpp">
      <Filter>include\platform\time</Filter>
    </ClInclude>
    <ClInclude Include="..\..\include\sani\platform\time\engine_time.hpp">
      <Filter>include\platform\time</Filter>
    </ClInclude>
    <ClInclude Include="..\..\include\sani\core\inl\events.inl">
      <Filter>include\core\inl</Filter>
    </ClInclude>
    <ClInclude Include="..\..\include\sani\graphics\renderables\renderables.hpp">
      <Filter>include\graphics\renderables</Filter>
    </ClInclude>
    <ClInclude Include="..\..\include\sani\graphics\layer.hpp">
      <Filter>include\graphics</Filter>
    </ClInclude>
    <ClInclude Include="..\..\include\sani\graphics\layer_type.hpp">
      <Filter>include\graphics</Filter>
    </ClInclude>
    <ClInclude Include="..\..\include\sani\resource\bitmap_content.hpp">
      <Filter>include\resource</Filter>
    </ClInclude>
    <ClInclude Include="..\..\include\sani\engine\service_registry.hpp">
      <Filter>include\engine</Filter>
    </ClInclude>
    <ClInclude Include="..\..\include\sani\engine\messaging\channel_manager.hpp">
      <Filter>include\engine\messaging</Filter>
    </ClInclude>
    <ClInclude Include="..\..\include\sani\engine\messaging\message_releasing_strategy.hpp">
      <Filter>include\engine\messaging</Filter>
    </ClInclude>
    <ClInclude Include="..\..\include\sani\engine\messaging\state_message.hpp">
      <Filter>include\engine\messaging</Filter>
    </ClInclude>
    <ClInclude Include="..\..\include\sani\engine\messaging\recipient_list.hpp">
      <Filter>include\engine\messaging</Filter>
    </ClInclude>
    <ClInclude Include="..\..\include\sani\engine\messaging\recipients_count.hpp">
      <Filter>include\engine\messaging</Filter>
    </ClInclude>
    <ClInclude Include="..\..\include\sani\engine\messaging\channels\channel.hpp">
      <Filter>include\engine\messaging\channels</Filter>
    </ClInclude>
    <ClInclude Include="..\..\include\sani\engine\messaging\channels\command_channel.hpp">
      <Filter>include\engine\messaging\channels</Filter>
    </ClInclude>
    <ClInclude Include="..\..\include\sani\engine\messaging\channels\document_channel.hpp">
      <Filter>include\engine\messaging\channels</Filter>
    </ClInclude>
    <ClInclude Include="..\..\include\sani\engine\messaging\channels\peer_to_peer_channel.hpp">
      <Filter>include\engine\messaging\channels</Filter>
    </ClInclude>
    <ClInclude Include="..\..\include\sani\engine\messaging\messages\command_message.hpp">
      <Filter>include\engine\messaging\messages</Filter>
    </ClInclude>
    <ClInclude Include="..\..\include\sani\engine\messaging\messages\document_message.hpp">
      <Filter>include\engine\messaging\messages</Filter>
    </ClInclude>
    <ClInclude Include="..\..\include\sani\core\utils\convert.hpp">
      <Filter>include\core\utils</Filter>
    </ClInclude>
    <ClInclude Include="..\..\include\sani\engine\services\engine_service.hpp">
      <Filter>include\engine\services</Filter>
    </ClInclude>
    <ClInclude Include="..\..\include\sani\engine\services\render_service.hpp">
      <Filter>include\engine\services</Filter>
    </ClInclude>
    <ClInclude Include="..\..\include\sani\engine\services\contracts\render_service_contract.hpp">
      <Filter>include\engine\services\contracts</Filter>
    </ClInclude>
    <ClInclude Include="..\..\include\sani\graphics\render_batch.hpp">
      <Filter>include\graphics</Filter>
    </ClInclude>
    <ClInclude Include="..\..\include\sani\graphics\render_batcher.hpp">
      <Filter>include\graphics</Filter>
    </ClInclude>
    <ClInclude Include="..\..\include\sani\engine\messaging\message_type.hpp">
      <Filter>include\engine\messaging</Filter>
    </ClInclude>
    <ClInclude Include="..\..\include\sani\core\parser\xml_parser.hpp">
      <Filter>include\core\parser</Filter>
    </ClInclude>
    <ClInclude Include="..\..\include\sani\core\parser\xml_util.hpp">
      <Filter>include\core\parser</Filter>
    </ClInclude>
    <ClInclude Include="..\..\include\sani\resource\reader\spritefont_reader.hpp">
      <Filter>include\resource\reader</Filter>
    </ClInclude>
    <ClInclude Include="..\..\include\sani\resource\font_description.hpp">
      <Filter>include\resource</Filter>
    </ClInclude>
    <ClInclude Include="..\..\include\sani\resource\spritefont_content.hpp">
      <Filter>include\resource</Filter>
    </ClInclude>
    <ClInclude Include="..\..\include\sani\engine\services\renderable_manager.hpp">
      <Filter>include\engine\services</Filter>
    </ClInclude>
    <ClInclude Include="..\..\include\sani\engine\services\impl\renderable_manager.hpp">
      <Filter>include\engine\services\impl</Filter>
    </ClInclude>
    <ClInclude Include="..\..\include\sani\core\memory\impl\page_pool_allocator.hpp">
      <Filter>include\core\memory\impl</Filter>
    </ClInclude>
    <ClInclude Include="..\..\include\sani\core\memory\impl\heap_page.hpp">
      <Filter>include\core\memory\impl</Filter>
    </ClInclude>
    <ClInclude Include="..\..\include\sani\core\memory\impl\pool_page.hpp">
      <Filter>include\core\memory\impl</Filter>
    </ClInclude>
    <ClInclude Include="..\..\include\sani\engine\services\rectangle_manager.hpp">
      <Filter>include\engine\services</Filter>
    </ClInclude>
    <ClInclude Include="..\..\include\sani\engine\services\circle_manager.hpp">
      <Filter>include\engine\services</Filter>
    </ClInclude>
    <ClInclude Include="..\..\include\sani\engine\services\triangle_manager.hpp">
      <Filter>include\engine\services</Filter>
    </ClInclude>
    <ClInclude Include="..\..\include\sani\engine\services\contracts\renderable_manager_contract.hpp">
      <Filter>include\engine\services\contracts</Filter>
    </ClInclude>
    <ClInclude Include="..\..\include\sani\core\io\memory_stream.hpp">
      <Filter>include\core\io</Filter>
    </ClInclude>
    <ClInclude Include="..\..\include\sani\resource\sprite_font.hpp">
      <Filter>include\resource</Filter>
    </ClInclude>
    <ClInclude Include="..\..\include\sani\resource\reader\bitmap_content_reader.hpp">
      <Filter>include\resource\reader</Filter>
    </ClInclude>
    <ClInclude Include="..\..\include\sani\engine\services\file_system_service.hpp">
      <Filter>include\engine\services</Filter>
    </ClInclude>
    <ClInclude Include="..\..\include\sani\engine\services\contracts\file_system_service_contract.hpp">
      <Filter>include\engine\services\contracts</Filter>
    </ClInclude>
    <ClInclude Include="..\..\include\sani\engine\messaging\messages\query_message.hpp">
      <Filter>include\engine\messaging\messages</Filter>
    </ClInclude>
    <ClInclude Include="..\..\include\sani\engine\services\contracts\cvar_service_contract.hpp">
      <Filter>include\engine\services\contracts</Filter>
    </ClInclude>
    <ClInclude Include="..\..\include\sani\engine\services\cvar_service.hpp">
      <Filter>include\engine\services</Filter>
    </ClInclude>
    <ClInclude Include="..\..\include\sani\engine\messaging\channels\query_channel.hpp">
      <Filter>include\engine\messaging\channels</Filter>
    </ClInclude>
    <ClInclude Include="..\..\include\sani\engine\messaging\messages\message.hpp">
      <Filter>include\engine\messaging\messages</Filter>
    </ClInclude>
    <ClInclude Include="..\..\include\sani\core\interfaces\error_logger.hpp">
      <Filter>include\core\interfaces</Filter>
    </ClInclude>
    <ClInclude Include="..\..\include\sani\graphics\graphics_effect.hpp">
      <Filter>include\graphics</Filter>
    </ClInclude>
    <ClInclude Include="..\..\include\sani\core\math\matrix.hpp">
      <Filter>include\core\math</Filter>
    </ClInclude>
    <ClInclude Include="..\..\include\sani\graphics\renderables\particle_emitter.hpp">
      <Filter>include\graphics\renderables</Filter>
    </ClInclude>
    <ClInclude Include="..\..\include\sani\graphics\renderables\particle.hpp">
      <Filter>include\graphics\renderables</Filter>
    </ClInclude>
    <ClInclude Include="..\..\include\sani\graphics\inl\particle_emitter.inl">
      <Filter>include\graphics\inl</Filter>
    </ClInclude>
    <ClInclude Include="..\..\include\sani\hid\keyboard.hpp">
      <Filter>include\hid</Filter>
    </ClInclude>
    <ClInclude Include="..\..\include\sani\hid\raw_input_listener.hpp">
      <Filter>include\hid</Filter>
    </ClInclude>
    <ClInclude Include="..\..\include\sani\hid\input_manager.hpp">
      <Filter>include\hid</Filter>
    </ClInclude>
    <ClInclude Include="..\..\include\sani\core\memory\preallocated_array.hpp">
      <Filter>include\core\memory</Filter>
    </ClInclude>
    <ClInclude Include="..\..\include\sani\core\memory\impl\preallocated_array.hpp">
      <Filter>include\core\memory\impl</Filter>
    </ClInclude>
    <ClInclude Include="..\..\include\sani\core\math\rand.hpp">
      <Filter>include\core\math</Filter>
    </ClInclude>
    <ClInclude Include="..\..\include\sani\core\math\impl\rand.hpp">
      <Filter>include\core\math\impl</Filter>
    </ClInclude>
    <ClInclude Include="..\..\include\sani\core\logging\logger.hpp">
      <Filter>include\core\logging</Filter>
    </ClInclude>
    <ClInclude Include="..\..\include\sani\core\logging\system_console_logger.hpp">
      <Filter>include\core\logging</Filter>
    </ClInclude>
    <ClInclude Include="..\..\include\sani\core\logging\file_logger.hpp">
      <Filter>include\core\logging</Filter>
    </ClInclude>
    <ClInclude Include="..\..\include\sani\core\logging\impl\logger.hpp">
      <Filter>include\core\logging\impl</Filter>
    </ClInclude>
    <ClInclude Include="..\..\include\sani\core\logging\logging_helpers.hpp">
      <Filter>include\core\logging</Filter>
    </ClInclude>
    <ClInclude Include="..\..\include\sani\core\logging\log_batcher.hpp">
      <Filter>include\core\logging</Filter>
    </ClInclude>
    <ClInclude Include="..\..\include\sani\core\logging\log_level.hpp">
      <Filter>include\core\logging</Filter>
    </ClInclude>
    <ClInclude Include="..\..\include\sani\core\logging\impl\log_batcher.hpp">
      <Filter>include\core\logging\impl</Filter>
    </ClInclude>
    <ClInclude Include="..\..\include\sani\core\logging\log.hpp">
      <Filter>include\core\logging</Filter>
    </ClInclude>
    <ClInclude Include="..\..\include\sani\rtti\object.hpp">
      <Filter>include\rtti</Filter>
    </ClInclude>
    <ClInclude Include="..\..\include\sani\rtti\type.hpp">
      <Filter>include\rtti</Filter>
    </ClInclude>
    <ClInclude Include="..\..\include\sani\rtti\type_config.hpp">
      <Filter>include\rtti</Filter>
    </ClInclude>
    <ClInclude Include="..\..\include\sani\rtti\type_database.hpp">
      <Filter>include\rtti</Filter>
    </ClInclude>
    <ClInclude Include="..\..\include\sani\rtti\type_data.hpp">
      <Filter>include\rtti</Filter>
    </ClInclude>
    <ClInclude Include="..\..\include\sani\rtti\type_info.hpp">
      <Filter>include\rtti</Filter>
    </ClInclude>
    <ClInclude Include="..\..\include\sani\preprocessor\rtti_runtime.hpp">
      <Filter>include\preprocessor</Filter>
    </ClInclude>
    <ClInclude Include="..\..\include\sani\rtti\object_base.hpp">
      <Filter>include\rtti</Filter>
    </ClInclude>
    <ClInclude Include="..\..\include\sani\rtti\object_container.hpp">
      <Filter>include\rtti</Filter>
    </ClInclude>
    <ClInclude Include="..\..\include\sani\rtti\invokable.hpp">
      <Filter>include\rtti</Filter>
    </ClInclude>
    <ClInclude Include="..\..\include\sani\rtti\constructor.hpp">
      <Filter>include\rtti</Filter>
    </ClInclude>
    <ClInclude Include="..\..\include\sani\core\logging\impl\log_impl.hpp">
      <Filter>include\core\logging\impl</Filter>
    </ClInclude>
    <ClInclude Include="..\..\include\sani\core\logging\out_flags.hpp">
      <Filter>include\core\logging</Filter>
    </ClInclude>
    <ClInclude Include="..\..\include\sani\core\profiling\profiler_entry.hpp">
      <Filter>include\core\profiling</Filter>
    </ClInclude>
    <ClInclude Include="..\..\include\sani\core\profiling\profiler_sample.hpp">
      <Filter>include\core\profiling</Filter>
    </ClInclude>
    <ClInclude Include="..\..\include\sani\rtti\pointer_container.hpp">
      <Filter>include\rtti</Filter>
    </ClInclude>
    <ClInclude Include="..\..\include\sani\core\profiling\profiler.hpp">
      <Filter>include\core\profiling</Filter>
    </ClInclude>
    <ClInclude Include="..\..\include\sani\core\profiling\profiler_module.hpp">
      <Filter>include\core\profiling</Filter>
    </ClInclude>
    <ClInclude Include="..\..\include\sani\core\profiling\impl\profiler_impl.hpp">
      <Filter>include\core\profiling\impl</Filter>
    </ClInclude>
    <ClInclude Include="..\..\include\sani\rtti\argument.hpp">
      <Filter>include\rtti</Filter>
    </ClInclude>
    <ClInclude Include="..\..\include\sani\ecs\entity.hpp">
      <Filter>include\ecs</Filter>
    </ClInclude>
    <ClInclude Include="..\..\include\sani\ecs\component.hpp">
      <Filter>include\ecs</Filter>
    </ClInclude>
    <ClInclude Include="..\..\include\sani\rtti\object_container_standard_types.hpp">
      <Filter>include\rtti</Filter>
    </ClInclude>
    <ClInclude Include="..\..\include\sani\rtti\argument_config.hpp">
      <Filter>include\rtti</Filter>
    </ClInclude>
    <ClInclude Include="..\..\include\sani\core\memory\register_allocator.hpp">
      <Filter>include\core\memory</Filter>
    </ClInclude>
    <ClInclude Include="..\..\include\sani\core\memory\impl\register_allocator.hpp">
      <Filter>include\core\memory\inl</Filter>
    </ClInclude>
    <ClInclude Include="..\..\include\sani\graphics\sprite_sheet.hpp">
      <Filter>include\graphics</Filter>
    </ClInclude>
    <ClInclude Include="..\..\include\sani\graphics\particle_generator_flags.hpp">
      <Filter>include\graphics</Filter>
    </ClInclude>
    <ClInclude Include="..\..\include\sani\rtti\field.hpp">
      <Filter>include\rtti</Filter>
    </ClInclude>
    <ClInclude Include="..\..\include\sani\graphics\renderables\sprite_animator.hpp">
      <Filter>include\graphics\renderables</Filter>
    </ClInclude>
    <ClInclude Include="..\..\include\sani\graphics\sprite_animation.hpp">
      <Filter>include\graphics</Filter>
    </ClInclude>
    <ClInclude Include="..\..\include\sani\rtti\method.hpp">
      <Filter>include\rtti</Filter>
    </ClInclude>
    <ClInclude Include="..\..\include\sani\resource\scene.hpp">
      <Filter>include\resource</Filter>
    </ClInclude>
    <ClInclude Include="..\..\include\sani\graphics\renderables\text.hpp">
      <Filter>include\graphics\renderables</Filter>
    </ClInclude>
    <ClInclude Include="..\..\include\sani\rtti\reflectable.hpp">
      <Filter>include\rtti</Filter>
    </ClInclude>
    <ClInclude Include="..\..\include\sani\resource\reader\scene_reader.hpp">
      <Filter>include\resource\reader</Filter>
    </ClInclude>
    <ClInclude Include="..\..\include\sani\graphics\default_shader_sources.hpp">
      <Filter>include\graphics</Filter>
    </ClInclude>
    <ClInclude Include="..\..\include\sani\platform\graphics\graphics_resource.hpp">
      <Filter>include\platform\graphics</Filter>
    </ClInclude>
    <ClInclude Include="..\..\include\sani\platform\graphics\screen_shader_source.hpp">
      <Filter>include\platform\graphics</Filter>
    </ClInclude>
    <ClInclude Include="..\..\include\sani\engine\services\particle_emitter_manager.hpp">
      <Filter>include\engine\services</Filter>
    </ClInclude>
    <ClInclude Include="..\..\include\sani\engine\services\updating_renderable_manager.hpp">
      <Filter>include\engine\services</Filter>
    </ClInclude>
    <ClInclude Include="..\..\include\sani\engine\services\impl\updating_renderable_manager.hpp">
      <Filter>include\engine\services\impl</Filter>
    </ClInclude>
    <ClInclude Include="..\..\include\sani\engine\services\sprite_animation_manager.hpp">
      <Filter>include\engine\services</Filter>
    </ClInclude>
    <ClInclude Include="..\..\include\sani\engine\services\contracts\entity_manager_contract.hpp">
      <Filter>include\engine\services\contracts</Filter>
    </ClInclude>
    <ClInclude Include="..\..\include\sani\engine\services\contracts\component_manager_contract.hpp">
      <Filter>include\engine\services\contracts</Filter>
    </ClInclude>
    <ClInclude Include="..\..\include\sani\engine\messaging\channels\impl\peer_to_peer_channel.hpp">
      <Filter>include\engine\messaging\channels\impl</Filter>
    </ClInclude>
    <ClInclude Include="..\..\include\sani\ecs\components\transform_component.hpp">
      <Filter>include\ecs\components</Filter>
    </ClInclude>
    <ClInclude Include="..\..\include\sani\ecs\components\sprite_component.hpp">
      <Filter>include\ecs\components</Filter>
    </ClInclude>
    <ClInclude Include="..\..\include\sani\engine\services\ecs\entity_manager.hpp">
      <Filter>include\engine\services\ecs</Filter>
    </ClInclude>
    <ClInclude Include="..\..\include\sani\engine\services\ecs\component_manager.hpp">
      <Filter>include\engine\services\ecs</Filter>
    </ClInclude>
    <ClInclude Include="..\..\include\sani\engine\services\ecs\impl\component_manager.hpp">
      <Filter>include\engine\services\ecs\impl</Filter>
    </ClInclude>
    <ClInclude Include="..\..\include\sani\engine\services\sprite_manager.hpp">
      <Filter>include\engine\services</Filter>
    </ClInclude>
    <ClInclude Include="..\..\include\sani\engine\services\ecs\transform_manager.hpp">
      <Filter>include\engine\services\ecs</Filter>
    </ClInclude>
    <ClInclude Include="..\..\include\sani\rtti\reflection_database.hpp">
      <Filter>include\rtti</Filter>
    </ClInclude>
    <ClInclude Include="..\..\include\sani\preprocessor\rtti.hpp">
      <Filter>include\preprocessor</Filter>
    </ClInclude>
    <ClInclude Include="..\..\include\sani\engine\services\service_logging.hpp">
      <Filter>include\engine\services</Filter>
    </ClInclude>
    <ClInclude Include="..\..\include\sani\platform\console.hpp">
      <Filter>include\platform</Filter>
    </ClInclude>
    <ClInclude Include="..\..\include\sani\engine\impl\sani_engine.hpp">
      <Filter>include\engine\impl</Filter>
    </ClInclude>
    <ClInclude Include="..\..\include\sani\platform\graphics\descriptions.hpp">
      <Filter>include\platform\graphics</Filter>
    </ClInclude>
    <ClInclude Include="..\..\include\sani\platform\graphics\graphics_enums.hpp">
      <Filter>include\platform\graphics</Filter>
    </ClInclude>
    <ClInclude Include="..\..\include\sani\engine\services\text_manager.hpp">
      <Filter>include\engine\services</Filter>
    </ClInclude>
    <ClInclude Include="..\..\include\sani\engine\mono\mono_provider.hpp">
      <Filter>include\engine\mono</Filter>
    </ClInclude>
    <ClInclude Include="..\..\include\sani\engine\mono\mono_runtime.hpp">
      <Filter>include\engine\mono</Filter>
    </ClInclude>
    <ClInclude Include="..\..\include\sani\engine\mono\glib_types.hpp">
      <Filter>include\engine\mono</Filter>
    </ClInclude>
    <ClInclude Include="..\..\include\sani\engine\mono\mono_define.hpp">
      <Filter>include\engine\mono</Filter>
    </ClInclude>
    <ClInclude Include="..\..\include\sani\engine\mono\services_mono.hpp">
      <Filter>include\engine\mono</Filter>
    </ClInclude>
    <ClInclude Include="..\..\include\sani\platform\file\file_system_utils.hpp">
      <Filter>include\platform\file</Filter>
    </ClInclude>
    <ClInclude Include="..\..\include\sani\engine\services\user_service.hpp">
      <Filter>include\engine\services</Filter>
    </ClInclude>
    <ClInclude Include="..\..\include\sani\engine\mono\transform_mono.hpp">
      <Filter>include\engine\mono</Filter>
    </ClInclude>
    <ClInclude Include="..\..\include\sani\engine\mono\texture2d_mono.hpp">
      <Filter>include\engine\mono</Filter>
    </ClInclude>
    <ClInclude Include="..\..\include\sani\engine\mono\mono_include.hpp">
      <Filter>include\engine\mono</Filter>
    </ClInclude>
    <ClInclude Include="..\..\include\sani\engine\mono\resource_manager_mono.hpp">
      <Filter>include\engine\mono</Filter>
    </ClInclude>
    <ClInclude Include="..\..\include\sani\engine\services\resource_manager_handler_service.hpp">
      <Filter>include\engine\services</Filter>
    </ClInclude>
    <ClInclude Include="..\..\include\sani\engine\services\contracts\resource_manager_handler_contract.hpp">
      <Filter>include\engine\services\contracts</Filter>
    </ClInclude>
  </ItemGroup>
  <ItemGroup>
    <None Include="..\..\include\sani\core\math\func\geometric_func.inl">
      <Filter>include\core\math\func\inl</Filter>
    </None>
    <None Include="..\..\include\sani\core\math\func\transform.inl">
      <Filter>include\core\math\func\inl</Filter>
    </None>
    <None Include="..\..\include\sani\core\math\func\transform_2d.inl">
      <Filter>include\core\math\func\inl</Filter>
    </None>
    <None Include="..\..\include\sani\core\math\func\trigonometric_func.inl">
      <Filter>include\core\math\func\inl</Filter>
    </None>
    <None Include="..\..\include\sani\core\math\value_ptr.inl">
      <Filter>include\core\math</Filter>
    </None>
    <None Include="..\..\include\sani\platform\file\inl\file_stream.inl">
      <Filter>include\platform\file\inl</Filter>
    </None>
    <None Include="..\..\include\sani\graphics\inl\camera2d.inl">
      <Filter>include\graphics\inl</Filter>
    </None>
    <None Include="..\..\include\sani\graphics\inl\vertex_helper.inl">
      <Filter>include\graphics\inl</Filter>
    </None>
    <None Include="..\..\include\sani\graphics\inl\triangle.inl">
      <Filter>include\graphics\inl</Filter>
    </None>
    <None Include="..\..\include\sani\graphics\inl\rectangle.inl">
      <Filter>include\graphics\inl</Filter>
    </None>
    <None Include="..\..\include\sani\graphics\inl\circle.inl">
      <Filter>include\graphics\inl</Filter>
    </None>
    <None Include="..\..\include\sani\graphics\inl\render_element_data.inl">
      <Filter>include\graphics\inl</Filter>
    </None>
    <None Include="..\..\include\sani\graphics\inl\renderable.inl">
      <Filter>include\graphics\inl</Filter>
    </None>
    <None Include="..\..\include\sani\graphics\inl\render_helper.inl">
      <Filter>include\graphics\inl</Filter>
    </None>
    <None Include="..\..\include\sani\graphics\inl\sprite.inl">
      <Filter>include\graphics\inl</Filter>
    </None>
    <None Include="..\..\include\sani\graphics\inl\buffer.inl">
      <Filter>include\graphics\inl</Filter>
    </None>
    <None Include="..\..\include\sani\engine\messaging\messages\peer_to_peer_message.hpp">
      <Filter>include\engine\messaging\messages</Filter>
    </None>
    <None Include="..\..\include\sani\core\utils\inl\convert.inl">
      <Filter>include\core\utils</Filter>
    </None>
    <None Include="..\..\include\sani\core\memory\impl\heap_allocator.hpp">
      <Filter>include\core\memory\impl</Filter>
    </None>
    <None Include="..\..\include\sani\core\memory\inl\heap_block.inl">
      <Filter>include\core\memory\inl</Filter>
    </None>
    <None Include="..\..\include\sani\core\memory\inl\pool_page.inl">
      <Filter>include\core\memory\inl</Filter>
    </None>
    <None Include="..\..\include\sani\core\cvar\impl\cvar_lang.inl">
      <Filter>include\core\cvar\impl</Filter>
    </None>
    <None Include="..\..\include\sani\core\memory\inl\memory.inl">
      <Filter>include\core\memory\inl</Filter>
    </None>
    <None Include="..\..\include\sani\resource\reader\inl\resource_reader.hpp">
      <Filter>include\resource\reader\impl</Filter>
    </None>
    <None Include="..\..\include\sani\resource\inl\bitmap_content.inl">
      <Filter>include\resource\inl</Filter>
    </None>
    <None Include="..\..\include\sani\rtti\inl\type_info.inl">
      <Filter>include\rtti\inl</Filter>
    </None>
    <None Include="..\..\include\sani\rtti\inl\object.inl">
      <Filter>include\rtti\inl</Filter>
    </None>
    <None Include="..\..\include\sani\rtti\inl\object_container.inl">
      <Filter>include\rtti\inl</Filter>
    </None>
    <None Include="..\..\include\sani\rtti\inl\invokable.inl">
      <Filter>include\rtti\inl</Filter>
    </None>
    <None Include="..\..\include\sani\rtti\inl\type_data.inl">
      <Filter>include\rtti\inl</Filter>
    </None>
    <None Include="..\..\include\sani\rtti\inl\argument.inl">
      <Filter>include\rtti\inl</Filter>
    </None>
    <None Include="..\..\include\sani\graphics\inl\sprite_animation.inl">
      <Filter>include\graphics\inl</Filter>
    </None>
    <None Include="..\..\include\sani\graphics\inl\sprite_animator.inl">
      <Filter>include\graphics\inl</Filter>
    </None>
    <None Include="..\..\include\sani\rtti\inl\method.inl">
      <Filter>include\rtti\inl</Filter>
    </None>
    <None Include="..\..\include\sani\rtti\inl\type.inl">
      <Filter>include\rtti\inl</Filter>
    </None>
    <None Include="..\..\include\sani\graphics\inl\text.inl">
      <Filter>include\graphics\inl</Filter>
    </None>
  </ItemGroup>
  <ItemGroup>
    <Text Include="..\..\include\sani\core\cvar\TODO.txt">
      <Filter>include\core\cvar</Filter>
    </Text>
  </ItemGroup>
</Project>