<?xml version="1.0" encoding="utf-8"?>
<Project ToolsVersion="4.0" xmlns="http://schemas.microsoft.com/developer/msbuild/2003">
  <ItemGroup>
    <Filter Include="res">
      <UniqueIdentifier>523f4152-d312-45d5-ad24-f68047a16dd2</UniqueIdentifier>
    </Filter>
    <Filter Include="res\values">
      <UniqueIdentifier>8725ea51-51a5-40fe-b204-d6a7af7311de</UniqueIdentifier>
    </Filter>
    <Filter Include="src">
      <UniqueIdentifier>{f8585f84-3237-46f7-bc5c-372c4fe5687f}</UniqueIdentifier>
    </Filter>
    <Filter Include="src\com">
      <UniqueIdentifier>{ef7d09f2-6158-4f77-a281-f66456a3f94b}</UniqueIdentifier>
    </Filter>
    <Filter Include="src\com\android">
      <UniqueIdentifier>{19a30f70-6a2e-4a9a-9104-d577d199bc68}</UniqueIdentifier>
    </Filter>
    <Filter Include="src\com\android\sani">
      <UniqueIdentifier>{7ba84c7e-d29d-4457-9cc4-fe4f422c9aa8}</UniqueIdentifier>
    </Filter>
    <Filter Include="jni">
      <UniqueIdentifier>{4a115f07-db0c-4d81-883b-b3b734d538d9}</UniqueIdentifier>
    </Filter>
  </ItemGroup>
  <ItemGroup>
    <AndroidBuild Include="AndroidManifest.xml" />
    <AndroidBuild Include="res\values\strings.xml">
      <Filter>res\values</Filter>
    </AndroidBuild>
  </ItemGroup>
  <ItemGroup>
    <JCompile Include="src\com\android\sani\sani.java">
      <Filter>src\com\android\sani</Filter>
    </JCompile>
  </ItemGroup>
  <ItemGroup>
    <ClCompile Include="jni\main.cpp">
      <Filter>jni</Filter>
    </ClCompile>
  </ItemGroup>
</Project>