<?xml version="1.0" encoding="utf-8"?>
<Project ToolsVersion="4.0" xmlns="http://schemas.microsoft.com/developer/msbuild/2003">
  <ItemGroup>
    <Filter Include="java">
      <UniqueIdentifier>{00ad2ee1-641b-404f-ae03-1476f0f2ee11}</UniqueIdentifier>
    </Filter>
    <Filter Include="java\res">
      <UniqueIdentifier>{58909d92-c541-42b0-9d0c-0c08dfef6d62}</UniqueIdentifier>
    </Filter>
    <Filter Include="java\src">
      <UniqueIdentifier>{11ce8390-f390-4df5-9c8e-0560be89b57b}</UniqueIdentifier>
    </Filter>
    <Filter Include="java\src\sani">
      <UniqueIdentifier>{ac87b43b-a8c6-4636-be48-9c9e8c3b883d}</UniqueIdentifier>
    </Filter>
    <Filter Include="java\src\sani\android">
      <UniqueIdentifier>{9acff0a6-5aa1-4dac-a819-6e3430992fec}</UniqueIdentifier>
    </Filter>
    <Filter Include="java\res\values">
      <UniqueIdentifier>{9fead354-2931-4278-9371-c5afe261dcf0}</UniqueIdentifier>
    </Filter>
    <Filter Include="jni">
      <UniqueIdentifier>{56ddd993-3f4f-4bc7-89d9-2dd6a39b5755}</UniqueIdentifier>
    </Filter>
  </ItemGroup>
  <ItemGroup>
    <Xml Include="..\..\src\platform\android\java\res\values\strings.xml">
      <Filter>java\res\values</Filter>
    </Xml>
  </ItemGroup>
  <ItemGroup>
    <AndroidBuild Include="..\..\src\platform\android\java\AndroidManifest.xml">
      <Filter>java</Filter>
    </AndroidBuild>
  </ItemGroup>
  <ItemGroup>
    <JCompile Include="..\..\src\platform\android\java\src\sani\android\SaniActivity.java">
      <Filter>java\src\sani\android</Filter>
    </JCompile>
  </ItemGroup>
  <ItemGroup>
    <ClCompile Include="..\..\src\platform\android\jni\Java_sani_android_SaniActivity.cpp">
      <Filter>jni</Filter>
    </ClCompile>
  </ItemGroup>
</Project>